
Microsoft Visual Studio Solution File, Format Version 12.00
# Visual Studio 14
VisualStudioVersion = 14.0.25420.1
MinimumVisualStudioVersion = 10.0.40219.1
Project("{FAE04EC0-301F-11D3-BF4B-00C04F79EFBC}") = "CheckStock", "UnitTestProject1\CheckStock.csproj", "{09B21C8C-FCCB-457F-BFB8-CB663644C530}"
EndProject
Project("{FAE04EC0-301F-11D3-BF4B-00C04F79EFBC}") = "PrettyHairUI", "PrettyHairUI\PrettyHairUI.csproj", "{2036F713-650C-4AE2-9EF8-A81970E06EC1}"
EndProject
Project("{FAE04EC0-301F-11D3-BF4B-00C04F79EFBC}") = "PrettyHairSource", "PrettyHairSource\PrettyHairSource.csproj", "{550D6E0E-2FE4-4826-99D2-B8B1D524B004}"
EndProject
Global
	GlobalSection(SolutionConfigurationPlatforms) = preSolution
		Debug|Any CPU = Debug|Any CPU
		Release|Any CPU = Release|Any CPU
	EndGlobalSection
	GlobalSection(ProjectConfigurationPlatforms) = postSolution
		{09B21C8C-FCCB-457F-BFB8-CB663644C530}.Debug|Any CPU.ActiveCfg = Debug|Any CPU
		{09B21C8C-FCCB-457F-BFB8-CB663644C530}.Debug|Any CPU.Build.0 = Debug|Any CPU
		{09B21C8C-FCCB-457F-BFB8-CB663644C530}.Release|Any CPU.ActiveCfg = Release|Any CPU
		{09B21C8C-FCCB-457F-BFB8-CB663644C530}.Release|Any CPU.Build.0 = Release|Any CPU
		{2036F713-650C-4AE2-9EF8-A81970E06EC1}.Debug|Any CPU.ActiveCfg = Debug|Any CPU
		{2036F713-650C-4AE2-9EF8-A81970E06EC1}.Debug|Any CPU.Build.0 = Debug|Any CPU
		{2036F713-650C-4AE2-9EF8-A81970E06EC1}.Release|Any CPU.ActiveCfg = Release|Any CPU
		{2036F713-650C-4AE2-9EF8-A81970E06EC1}.Release|Any CPU.Build.0 = Release|Any CPU
		{550D6E0E-2FE4-4826-99D2-B8B1D524B004}.Debug|Any CPU.ActiveCfg = Debug|Any CPU
		{550D6E0E-2FE4-4826-99D2-B8B1D524B004}.Debug|Any CPU.Build.0 = Debug|Any CPU
		{550D6E0E-2FE4-4826-99D2-B8B1D524B004}.Release|Any CPU.ActiveCfg = Release|Any CPU
		{550D6E0E-2FE4-4826-99D2-B8B1D524B004}.Release|Any CPU.Build.0 = Release|Any CPU
	EndGlobalSection
	GlobalSection(SolutionProperties) = preSolution
		HideSolutionNode = FALSE
	EndGlobalSection
EndGlobal
